
Microsoft Visual Studio Solution File, Format Version 12.00
# Visual Studio Version 16
VisualStudioVersion = 16.0.30907.101
MinimumVisualStudioVersion = 10.0.40219.1
Project("{FAE04EC0-301F-11D3-BF4B-00C04F79EFBC}") = "Necflis", "Necflis\Necflis.csproj", "{B4CC9302-9E67-430C-8FD1-6A7DBEC19C1D}"
EndProject
Global
	GlobalSection(SolutionConfigurationPlatforms) = preSolution
		Debug|Any CPU = Debug|Any CPU
		Release|Any CPU = Release|Any CPU
	EndGlobalSection
	GlobalSection(ProjectConfigurationPlatforms) = postSolution
		{B4CC9302-9E67-430C-8FD1-6A7DBEC19C1D}.Debug|Any CPU.ActiveCfg = Debug|Any CPU
		{B4CC9302-9E67-430C-8FD1-6A7DBEC19C1D}.Debug|Any CPU.Build.0 = Debug|Any CPU
		{B4CC9302-9E67-430C-8FD1-6A7DBEC19C1D}.Release|Any CPU.ActiveCfg = Release|Any CPU
		{B4CC9302-9E67-430C-8FD1-6A7DBEC19C1D}.Release|Any CPU.Build.0 = Release|Any CPU
	EndGlobalSection
	GlobalSection(SolutionProperties) = preSolution
		HideSolutionNode = FALSE
	EndGlobalSection
	GlobalSection(ExtensibilityGlobals) = postSolution
		SolutionGuid = {80BD2952-89AF-47B8-AB07-0556800EE706}
	EndGlobalSection
EndGlobal
